
Microsoft Visual Studio Solution File, Format Version 12.00
# Visual Studio Version 16
VisualStudioVersion = 16.0.29905.134
MinimumVisualStudioVersion = 10.0.40219.1
Project("{FAE04EC0-301F-11D3-BF4B-00C04F79EFBC}") = "OdeToFood", "OdeToFood\OdeToFood.csproj", "{EF875B62-C28F-4EF9-B5AF-36255B8250CC}"
EndProject
Project("{FAE04EC0-301F-11D3-BF4B-00C04F79EFBC}") = "OdeToFood.Core", "OdeToFood.Core\OdeToFood.Core.csproj", "{34E513DD-2D86-40A5-AFDC-DEB021FB3C72}"
EndProject
Project("{FAE04EC0-301F-11D3-BF4B-00C04F79EFBC}") = "OdeToFood.Data", "OdeToFood.Data\OdeToFood.Data.csproj", "{CBB651B9-D448-4594-A9B6-6203BE7DAAB5}"
EndProject
Global
	GlobalSection(SolutionConfigurationPlatforms) = preSolution
		Debug|Any CPU = Debug|Any CPU
		Release|Any CPU = Release|Any CPU
	EndGlobalSection
	GlobalSection(ProjectConfigurationPlatforms) = postSolution
		{EF875B62-C28F-4EF9-B5AF-36255B8250CC}.Debug|Any CPU.ActiveCfg = Debug|Any CPU
		{EF875B62-C28F-4EF9-B5AF-36255B8250CC}.Debug|Any CPU.Build.0 = Debug|Any CPU
		{EF875B62-C28F-4EF9-B5AF-36255B8250CC}.Release|Any CPU.ActiveCfg = Release|Any CPU
		{EF875B62-C28F-4EF9-B5AF-36255B8250CC}.Release|Any CPU.Build.0 = Release|Any CPU
		{34E513DD-2D86-40A5-AFDC-DEB021FB3C72}.Debug|Any CPU.ActiveCfg = Debug|Any CPU
		{34E513DD-2D86-40A5-AFDC-DEB021FB3C72}.Debug|Any CPU.Build.0 = Debug|Any CPU
		{34E513DD-2D86-40A5-AFDC-DEB021FB3C72}.Release|Any CPU.ActiveCfg = Release|Any CPU
		{34E513DD-2D86-40A5-AFDC-DEB021FB3C72}.Release|Any CPU.Build.0 = Release|Any CPU
		{CBB651B9-D448-4594-A9B6-6203BE7DAAB5}.Debug|Any CPU.ActiveCfg = Debug|Any CPU
		{CBB651B9-D448-4594-A9B6-6203BE7DAAB5}.Debug|Any CPU.Build.0 = Debug|Any CPU
		{CBB651B9-D448-4594-A9B6-6203BE7DAAB5}.Release|Any CPU.ActiveCfg = Release|Any CPU
		{CBB651B9-D448-4594-A9B6-6203BE7DAAB5}.Release|Any CPU.Build.0 = Release|Any CPU
	EndGlobalSection
	GlobalSection(SolutionProperties) = preSolution
		HideSolutionNode = FALSE
	EndGlobalSection
	GlobalSection(ExtensibilityGlobals) = postSolution
		SolutionGuid = {ADE4A01F-6AEF-4588-BD0A-A0EEB9C54C2E}
	EndGlobalSection
EndGlobal
